
Microsoft Visual Studio Solution File, Format Version 12.00
# Visual Studio Version 17
VisualStudioVersion = 17.3.32929.385
MinimumVisualStudioVersion = 10.0.40219.1
Project("{FAE04EC0-301F-11D3-BF4B-00C04F79EFBC}") = "PROJEKTMVC", "PROJEKTMVC\PROJEKTMVC.csproj", "{C8972168-DA3B-4C84-9BF9-DBFCB7B57CF1}"
EndProject
Global
	GlobalSection(SolutionConfigurationPlatforms) = preSolution
		Debug|Any CPU = Debug|Any CPU
		Release|Any CPU = Release|Any CPU
	EndGlobalSection
	GlobalSection(ProjectConfigurationPlatforms) = postSolution
		{C8972168-DA3B-4C84-9BF9-DBFCB7B57CF1}.Debug|Any CPU.ActiveCfg = Debug|Any CPU
		{C8972168-DA3B-4C84-9BF9-DBFCB7B57CF1}.Debug|Any CPU.Build.0 = Debug|Any CPU
		{C8972168-DA3B-4C84-9BF9-DBFCB7B57CF1}.Release|Any CPU.ActiveCfg = Release|Any CPU
		{C8972168-DA3B-4C84-9BF9-DBFCB7B57CF1}.Release|Any CPU.Build.0 = Release|Any CPU
	EndGlobalSection
	GlobalSection(SolutionProperties) = preSolution
		HideSolutionNode = FALSE
	EndGlobalSection
	GlobalSection(ExtensibilityGlobals) = postSolution
		SolutionGuid = {7D2D0A43-F47A-4863-B350-49540765D8C2}
	EndGlobalSection
EndGlobal
